
Microsoft Visual Studio Solution File, Format Version 12.00
# Visual Studio Version 16
VisualStudioVersion = 16.0.31129.286
MinimumVisualStudioVersion = 10.0.40219.1
Project("{9A19103F-16F7-4668-BE54-9A1E7A4F7556}") = "CalendarApi", "CalendarApi\CalendarApi.csproj", "{301A5B9E-79CC-4973-9532-0B59C8B511BB}"
EndProject
Project("{FAE04EC0-301F-11D3-BF4B-00C04F79EFBC}") = "CalendarApi.BusinessLayer", "CalendarApi.BusinessLayer\CalendarApi.BusinessLayer.csproj", "{D1865604-E7DD-41C5-83C1-7592CE63DABC}"
EndProject
Project("{FAE04EC0-301F-11D3-BF4B-00C04F79EFBC}") = "CalendarApi.DataAccessLayer", "CalendarApi.DataAccessLayer\CalendarApi.DataAccessLayer.csproj", "{4D7E44D7-03C8-4A1F-ACAD-84A967114492}"
EndProject
Global
	GlobalSection(SolutionConfigurationPlatforms) = preSolution
		Debug|Any CPU = Debug|Any CPU
		Release|Any CPU = Release|Any CPU
	EndGlobalSection
	GlobalSection(ProjectConfigurationPlatforms) = postSolution
		{301A5B9E-79CC-4973-9532-0B59C8B511BB}.Debug|Any CPU.ActiveCfg = Debug|Any CPU
		{301A5B9E-79CC-4973-9532-0B59C8B511BB}.Debug|Any CPU.Build.0 = Debug|Any CPU
		{301A5B9E-79CC-4973-9532-0B59C8B511BB}.Release|Any CPU.ActiveCfg = Release|Any CPU
		{301A5B9E-79CC-4973-9532-0B59C8B511BB}.Release|Any CPU.Build.0 = Release|Any CPU
		{D1865604-E7DD-41C5-83C1-7592CE63DABC}.Debug|Any CPU.ActiveCfg = Debug|Any CPU
		{D1865604-E7DD-41C5-83C1-7592CE63DABC}.Debug|Any CPU.Build.0 = Debug|Any CPU
		{D1865604-E7DD-41C5-83C1-7592CE63DABC}.Release|Any CPU.ActiveCfg = Release|Any CPU
		{D1865604-E7DD-41C5-83C1-7592CE63DABC}.Release|Any CPU.Build.0 = Release|Any CPU
		{4D7E44D7-03C8-4A1F-ACAD-84A967114492}.Debug|Any CPU.ActiveCfg = Debug|Any CPU
		{4D7E44D7-03C8-4A1F-ACAD-84A967114492}.Debug|Any CPU.Build.0 = Debug|Any CPU
		{4D7E44D7-03C8-4A1F-ACAD-84A967114492}.Release|Any CPU.ActiveCfg = Release|Any CPU
		{4D7E44D7-03C8-4A1F-ACAD-84A967114492}.Release|Any CPU.Build.0 = Release|Any CPU
	EndGlobalSection
	GlobalSection(SolutionProperties) = preSolution
		HideSolutionNode = FALSE
	EndGlobalSection
	GlobalSection(ExtensibilityGlobals) = postSolution
		SolutionGuid = {0D59BB19-90C6-4F7C-B009-3576355BAC70}
	EndGlobalSection
EndGlobal
