
Microsoft Visual Studio Solution File, Format Version 12.00
# Visual Studio Version 16
VisualStudioVersion = 16.0.29411.108
MinimumVisualStudioVersion = 10.0.40219.1
Project("{FAE04EC0-301F-11D3-BF4B-00C04F79EFBC}") = "MyFirstWebApi", "MyFirstWebApi\MyFirstWebApi.csproj", "{DFC6D79C-8C21-4286-A167-C8F0AA1E21CB}"
EndProject
Global
	GlobalSection(SolutionConfigurationPlatforms) = preSolution
		Debug|Any CPU = Debug|Any CPU
		Release|Any CPU = Release|Any CPU
	EndGlobalSection
	GlobalSection(ProjectConfigurationPlatforms) = postSolution
		{DFC6D79C-8C21-4286-A167-C8F0AA1E21CB}.Debug|Any CPU.ActiveCfg = Debug|Any CPU
		{DFC6D79C-8C21-4286-A167-C8F0AA1E21CB}.Debug|Any CPU.Build.0 = Debug|Any CPU
		{DFC6D79C-8C21-4286-A167-C8F0AA1E21CB}.Release|Any CPU.ActiveCfg = Release|Any CPU
		{DFC6D79C-8C21-4286-A167-C8F0AA1E21CB}.Release|Any CPU.Build.0 = Release|Any CPU
	EndGlobalSection
	GlobalSection(SolutionProperties) = preSolution
		HideSolutionNode = FALSE
	EndGlobalSection
	GlobalSection(ExtensibilityGlobals) = postSolution
		SolutionGuid = {6E459B20-E458-40D1-BC84-EC48C21EF40E}
	EndGlobalSection
EndGlobal
