
Microsoft Visual Studio Solution File, Format Version 12.00
# Visual Studio Version 16
VisualStudioVersion = 16.0.29411.108
MinimumVisualStudioVersion = 10.0.40219.1
Project("{FAE04EC0-301F-11D3-BF4B-00C04F79EFBC}") = "RaspberryControl", "RaspberryControl\RaspberryControl.csproj", "{0B5D7E4F-6819-4D65-BA95-0DD9C024ADCB}"
EndProject
Global
	GlobalSection(SolutionConfigurationPlatforms) = preSolution
		Debug|Any CPU = Debug|Any CPU
		Release|Any CPU = Release|Any CPU
	EndGlobalSection
	GlobalSection(ProjectConfigurationPlatforms) = postSolution
		{0B5D7E4F-6819-4D65-BA95-0DD9C024ADCB}.Debug|Any CPU.ActiveCfg = Debug|Any CPU
		{0B5D7E4F-6819-4D65-BA95-0DD9C024ADCB}.Debug|Any CPU.Build.0 = Debug|Any CPU
		{0B5D7E4F-6819-4D65-BA95-0DD9C024ADCB}.Release|Any CPU.ActiveCfg = Release|Any CPU
		{0B5D7E4F-6819-4D65-BA95-0DD9C024ADCB}.Release|Any CPU.Build.0 = Release|Any CPU
	EndGlobalSection
	GlobalSection(SolutionProperties) = preSolution
		HideSolutionNode = FALSE
	EndGlobalSection
	GlobalSection(ExtensibilityGlobals) = postSolution
		SolutionGuid = {FD0AAECE-913A-45E3-8704-B2B8F9360F18}
	EndGlobalSection
EndGlobal
